PODS:
  - connectivity (0.0.1):
    - Flutter
    - Reachability
  - device_info_plus (0.0.1):
    - Flutter
  - Flutter (1.0.0)
  - flutter_image_compress_common (1.0.0):
    - Flutter
    - Mantle
    - SDWebImage
    - SDWebImageWebPCoder
  - flutter_secure_storage (6.0.0):
    - Flutter
  - gallery_saver (0.0.1):
    - Flutter
  - geocoding_ios (1.0.5):
    - Flutter
  - geolocator_apple (1.2.0):
    - Flutter
  - image_picker_ios (0.0.1):
    - Flutter
  - libwebp (1.3.2):
    - libwebp/demux (= 1.3.2)
    - libwebp/mux (= 1.3.2)
    - libwebp/sharpyuv (= 1.3.2)
    - libwebp/webp (= 1.3.2)
  - libwebp/demux (1.3.2):
    - libwebp/webp
  - libwebp/mux (1.3.2):
    - libwebp/demux
  - libwebp/sharpyuv (1.3.2)
  - libwebp/webp (1.3.2):
    - libwebp/sharpyuv
  - Mantle (2.2.0):
    - Mantle/extobjc (= 2.2.0)
  - Mantle/extobjc (2.2.0)
  - MTBBarcodeScanner (5.0.11)
  - onesignal_flutter (3.5.3):
    - Flutter
    - OneSignalXCFramework (= 3.12.9)
  - OneSignalXCFramework (3.12.9):
    - OneSignalXCFramework/OneSignalCore (= 3.12.9)
    - OneSignalXCFramework/OneSignalExtension (= 3.12.9)
    - OneSignalXCFramework/OneSignalOutcomes (= 3.12.9)
  - OneSignalXCFramework/OneSignalCore (3.12.9)
  - OneSignalXCFramework/OneSignalExtension (3.12.9):
    - OneSignalXCFramework/OneSignalCore
    - OneSignalXCFramework/OneSignalOutcomes
  - OneSignalXCFramework/OneSignalOutcomes (3.12.9):
    - OneSignalXCFramework/OneSignalCore
  - package_info_plus (0.4.5):
    - Flutter
  - path_provider_foundation (0.0.1):
    - Flutter
    - FlutterMacOS
  - permission_handler_apple (9.3.0):
    - Flutter
  - phone_number (1.0.0):
    - Flutter
    - PhoneNumberKit/PhoneNumberKitCore (= 3.3.4)
  - PhoneNumberKit/PhoneNumberKitCore (3.3.4)
  - qr_code_scanner (0.2.0):
    - Flutter
    - MTBBarcodeScanner
  - Reachability (3.7.6)
  - SDWebImage (5.19.6):
    - SDWebImage/Core (= 5.19.6)
  - SDWebImage/Core (5.19.6)
  - SDWebImageWebPCoder (0.14.6):
    - libwebp (~> 1.0)
    - SDWebImage/Core (~> 5.17)
  - shared_preferences_foundation (0.0.1):
    - Flutter
    - FlutterMacOS
  - sqflite (0.0.3):
    - Flutter
    - FlutterMacOS
  - url_launcher_ios (0.0.1):
    - Flutter

DEPENDENCIES:
  - connectivity (from `.symlinks/plugins/connectivity/ios`)
  - device_info_plus (from `.symlinks/plugins/device_info_plus/ios`)
  - Flutter (from `Flutter`)
  - flutter_image_compress_common (from `.symlinks/plugins/flutter_image_compress_common/ios`)
  - flutter_secure_storage (from `.symlinks/plugins/flutter_secure_storage/ios`)
  - gallery_saver (from `.symlinks/plugins/gallery_saver/ios`)
  - geocoding_ios (from `.symlinks/plugins/geocoding_ios/ios`)
  - geolocator_apple (from `.symlinks/plugins/geolocator_apple/ios`)
  - image_picker_ios (from `.symlinks/plugins/image_picker_ios/ios`)
  - onesignal_flutter (from `.symlinks/plugins/onesignal_flutter/ios`)
  - OneSignalXCFramework (< 6.0, >= 2.5.2)
  - package_info_plus (from `.symlinks/plugins/package_info_plus/ios`)
  - path_provider_foundation (from `.symlinks/plugins/path_provider_foundation/darwin`)
  - permission_handler_apple (from `.symlinks/plugins/permission_handler_apple/ios`)
  - phone_number (from `.symlinks/plugins/phone_number/ios`)
  - qr_code_scanner (from `.symlinks/plugins/qr_code_scanner/ios`)
  - shared_preferences_foundation (from `.symlinks/plugins/shared_preferences_foundation/darwin`)
  - sqflite (from `.symlinks/plugins/sqflite/darwin`)
  - url_launcher_ios (from `.symlinks/plugins/url_launcher_ios/ios`)

SPEC REPOS:
  trunk:
    - libwebp
    - Mantle
    - MTBBarcodeScanner
    - OneSignalXCFramework
    - PhoneNumberKit
    - Reachability
    - SDWebImage
    - SDWebImageWebPCoder

EXTERNAL SOURCES:
  connectivity:
    :path: ".symlinks/plugins/connectivity/ios"
  device_info_plus:
    :path: ".symlinks/plugins/device_info_plus/ios"
  Flutter:
    :path: Flutter
  flutter_image_compress_common:
    :path: ".symlinks/plugins/flutter_image_compress_common/ios"
  flutter_secure_storage:
    :path: ".symlinks/plugins/flutter_secure_storage/ios"
  gallery_saver:
    :path: ".symlinks/plugins/gallery_saver/ios"
  geocoding_ios:
    :path: ".symlinks/plugins/geocoding_ios/ios"
  geolocator_apple:
    :path: ".symlinks/plugins/geolocator_apple/ios"
  image_picker_ios:
    :path: ".symlinks/plugins/image_picker_ios/ios"
  onesignal_flutter:
    :path: ".symlinks/plugins/onesignal_flutter/ios"
  package_info_plus:
    :path: ".symlinks/plugins/package_info_plus/ios"
  path_provider_foundation:
    :path: ".symlinks/plugins/path_provider_foundation/darwin"
  permission_handler_apple:
    :path: ".symlinks/plugins/permission_handler_apple/ios"
  phone_number:
    :path: ".symlinks/plugins/phone_number/ios"
  qr_code_scanner:
    :path: ".symlinks/plugins/qr_code_scanner/ios"
  shared_preferences_foundation:
    :path: ".symlinks/plugins/shared_preferences_foundation/darwin"
  sqflite:
    :path: ".symlinks/plugins/sqflite/darwin"
  url_launcher_ios:
    :path: ".symlinks/plugins/url_launcher_ios/ios"

SPEC CHECKSUMS:
  connectivity: c4130b2985d4ef6fd26f9702e886bd5260681467
  device_info_plus: c6fb39579d0f423935b0c9ce7ee2f44b71b9fce6
  Flutter: e0871f40cf51350855a761d2e70bf5af5b9b5de7
  flutter_image_compress_common: ec1d45c362c9d30a3f6a0426c297f47c52007e3e
  flutter_secure_storage: 23fc622d89d073675f2eaa109381aefbcf5a49be
  gallery_saver: 9fc173c9f4fcc48af53b2a9ebea1b643255be542
  geocoding_ios: a389ea40f6f548de6e63006a2e31bf66ff80769a
  geolocator_apple: 6cbaf322953988e009e5ecb481f07efece75c450
  image_picker_ios: c560581cceedb403a6ff17f2f816d7fea1421fc1
  libwebp: 1786c9f4ff8a279e4dac1e8f385004d5fc253009
  Mantle: c5aa8794a29a022dfbbfc9799af95f477a69b62d
  MTBBarcodeScanner: f453b33c4b7dfe545d8c6484ed744d55671788cb
  onesignal_flutter: c56e81f5a422b0b1e06820338f299333ca85c171
  OneSignalXCFramework: 3c3ef25ecca5eae1bf80a3272c49fd1dbab96b35
  package_info_plus: 115f4ad11e0698c8c1c5d8a689390df880f47e85
  path_provider_foundation: 2b6b4c569c0fb62ec74538f866245ac84301af46
  permission_handler_apple: 9878588469a2b0d0fc1e048d9f43605f92e6cec2
  phone_number: ad6f917e4fd2e507a198b93dca5eadcb463ec8c2
  PhoneNumberKit: 441e8b26ec88d598e3591de9061eff18f5dd12e8
  qr_code_scanner: bb67d64904c3b9658ada8c402e8b4d406d5d796e
  Reachability: fd0ecd23705e2599e4cceeb943222ae02296cbc6
  SDWebImage: a79252b60f4678812d94316c91da69ec83089c9f
  SDWebImageWebPCoder: e38c0a70396191361d60c092933e22c20d5b1380
  shared_preferences_foundation: fcdcbc04712aee1108ac7fda236f363274528f78
  sqflite: 673a0e54cc04b7d6dba8d24fb8095b31c3a99eec
  url_launcher_ios: 5334b05cef931de560670eeae103fd3e431ac3fe

PODFILE CHECKSUM: 1f3ac7082f97afb5774cbf266bec94d225c49850

COCOAPODS: 1.15.2
